{
  "requires": true,
  "lockfileVersion": 1,
  "dependencies": {
    "react-intersection-observer": {
      "version": "8.32.0",
      "resolved": "https://registry.npmjs.org/react-intersection-observer/-/react-intersection-observer-8.32.0.tgz",
      "integrity": "sha512-RlC6FvS3MFShxTn4FHAy904bVjX5Nn4/eTjUkurW0fHK+M/fyQdXuyCy9+L7yjA+YMGogzzSJNc7M4UtfSKvtw=="
    }
  }
}
